
Microsoft Visual Studio Solution File, Format Version 11.00
# Visual Studio 2010
Project("{F184B08F-C81C-45F6-A57F-5ABD9991F28F}") = "gui2", "gui2\gui2.vbproj", "{F2B18E95-87E5-44D2-A37D-91DF6F841570}"
EndProject
Global
	GlobalSection(SolutionConfigurationPlatforms) = preSolution
		Debug|x86 = Debug|x86
		Release|x86 = Release|x86
	EndGlobalSection
	GlobalSection(ProjectConfigurationPlatforms) = postSolution
		{F2B18E95-87E5-44D2-A37D-91DF6F841570}.Debug|x86.ActiveCfg = Debug|x86
		{F2B18E95-87E5-44D2-A37D-91DF6F841570}.Debug|x86.Build.0 = Debug|x86
		{F2B18E95-87E5-44D2-A37D-91DF6F841570}.Release|x86.ActiveCfg = Release|x86
		{F2B18E95-87E5-44D2-A37D-91DF6F841570}.Release|x86.Build.0 = Release|x86
	EndGlobalSection
	GlobalSection(SolutionProperties) = preSolution
		HideSolutionNode = FALSE
	EndGlobalSection
EndGlobal
